<Solution>
  <Project Path="task 2/task 2.csproj" Id="f7cfd410-acd4-450b-ac54-2b75a9edb55d" />
  <Project Path="task 3/task 3.csproj" Id="1b21be01-0a1a-4f0b-8e0d-e33761d82360" />
  <Project Path="task _5/task _5.csproj" Id="61ed388c-8b91-480d-9cbe-780d54b603d8" />
  <Project Path="task1/task1.csproj" />
  <Project Path="task4/task4.csproj" Id="7144a38d-dd6c-4610-b58d-b8d946dc059b" />
</Solution>
